
Microsoft Visual Studio Solution File, Format Version 12.00
# Visual Studio 15
VisualStudioVersion = 15.0.28307.136
MinimumVisualStudioVersion = 10.0.40219.1
Project("{888888A0-9F3D-457C-B088-3A5042F75D52}") = "Hands-On-Machine-Learning", "Hands-On-Machine-Learning.pyproj", "{EC31B1DD-3FFA-4ACD-910C-925B594B3C60}"
EndProject
Global
	GlobalSection(SolutionConfigurationPlatforms) = preSolution
		Debug|Any CPU = Debug|Any CPU
		Release|Any CPU = Release|Any CPU
	EndGlobalSection
	GlobalSection(ProjectConfigurationPlatforms) = postSolution
		{EC31B1DD-3FFA-4ACD-910C-925B594B3C60}.Debug|Any CPU.ActiveCfg = Debug|Any CPU
		{EC31B1DD-3FFA-4ACD-910C-925B594B3C60}.Release|Any CPU.ActiveCfg = Release|Any CPU
	EndGlobalSection
	GlobalSection(SolutionProperties) = preSolution
		HideSolutionNode = FALSE
	EndGlobalSection
	GlobalSection(ExtensibilityGlobals) = postSolution
		SolutionGuid = {044EDC63-2ADE-478C-8A55-A435667C3CA7}
	EndGlobalSection
EndGlobal
